
Microsoft Visual Studio Solution File, Format Version 12.00
# Visual Studio Version 17
VisualStudioVersion = 17.3.32922.545
MinimumVisualStudioVersion = 10.0.40219.1
Project("{9A19103F-16F7-4668-BE54-9A1E7A4F7556}") = "DesignPatterns", "DesignPatterns\DesignPatterns.csproj", "{1C1EF0F6-15EB-4101-9529-96665FD13BFF}"
EndProject
Project("{2150E333-8FDC-42A3-9474-1A3956D46DE8}") = "SOLID", "SOLID", "{10EBA9F1-02D0-41DD-A908-44713558E2DD}"
EndProject
Project("{9A19103F-16F7-4668-BE54-9A1E7A4F7556}") = "SingleResponsibility", "SingleResponsibility\SingleResponsibility.csproj", "{D0E6D936-CBE0-4A77-8B1E-058DE5E24BC6}"
EndProject
Project("{9A19103F-16F7-4668-BE54-9A1E7A4F7556}") = "OpenClose", "OpenClose\OpenClose.csproj", "{24F8E6A3-59DC-405D-A639-290BACD43BDE}"
EndProject
Project("{9A19103F-16F7-4668-BE54-9A1E7A4F7556}") = "LiskovSubstitution", "LiskovSubstitution\LiskovSubstitution.csproj", "{3983384E-D76A-4383-BD3D-D6FD20FC7B04}"
EndProject
Project("{9A19103F-16F7-4668-BE54-9A1E7A4F7556}") = "InterfaceSegregation", "InterfaceSegregation\InterfaceSegregation.csproj", "{081ADAD2-2574-4B9C-BEE6-CF8BF17A5783}"
EndProject
Project("{9A19103F-16F7-4668-BE54-9A1E7A4F7556}") = "DependencyInversion", "DependencyInversion\DependencyInversion.csproj", "{AAB3E925-AFA0-4AFB-82D4-306A3638A9F5}"
EndProject
Project("{2150E333-8FDC-42A3-9474-1A3956D46DE8}") = "Creational", "Creational", "{EA08BC41-415A-44D6-BBED-CC46E249293D}"
EndProject
Project("{9A19103F-16F7-4668-BE54-9A1E7A4F7556}") = "Builder", "Builder\Builder.csproj", "{69769034-14C2-45BA-9BCC-856E82E736E4}"
EndProject
Project("{9A19103F-16F7-4668-BE54-9A1E7A4F7556}") = "Factory", "Factory\Factory.csproj", "{F1544BA3-C39C-4354-9A77-D759E2069A6B}"
EndProject
Project("{9A19103F-16F7-4668-BE54-9A1E7A4F7556}") = "AbstractFactory", "AbstractFactory\AbstractFactory.csproj", "{7FDB40E0-8BD6-4F6A-8F90-6F237E86362C}"
EndProject
Project("{9A19103F-16F7-4668-BE54-9A1E7A4F7556}") = "Prototype", "Prototype\Prototype.csproj", "{E0CFC496-AE64-437B-AD72-1034F76B02A7}"
EndProject
Project("{9A19103F-16F7-4668-BE54-9A1E7A4F7556}") = "Singleton", "Singleton\Singleton.csproj", "{A75B42A4-5CA3-4DD2-9ED5-11B24415DBC0}"
EndProject
Project("{FAE04EC0-301F-11D3-BF4B-00C04F79EFBC}") = "BuilderV2", "FactoryV2\BuilderV2.csproj", "{FC508DAE-FF0D-45C5-8D0C-E3FC5EC19DFF}"
EndProject
Global
	GlobalSection(SolutionConfigurationPlatforms) = preSolution
		Debug|Any CPU = Debug|Any CPU
		Release|Any CPU = Release|Any CPU
	EndGlobalSection
	GlobalSection(ProjectConfigurationPlatforms) = postSolution
		{1C1EF0F6-15EB-4101-9529-96665FD13BFF}.Debug|Any CPU.ActiveCfg = Debug|Any CPU
		{1C1EF0F6-15EB-4101-9529-96665FD13BFF}.Debug|Any CPU.Build.0 = Debug|Any CPU
		{1C1EF0F6-15EB-4101-9529-96665FD13BFF}.Release|Any CPU.ActiveCfg = Release|Any CPU
		{1C1EF0F6-15EB-4101-9529-96665FD13BFF}.Release|Any CPU.Build.0 = Release|Any CPU
		{D0E6D936-CBE0-4A77-8B1E-058DE5E24BC6}.Debug|Any CPU.ActiveCfg = Debug|Any CPU
		{D0E6D936-CBE0-4A77-8B1E-058DE5E24BC6}.Debug|Any CPU.Build.0 = Debug|Any CPU
		{D0E6D936-CBE0-4A77-8B1E-058DE5E24BC6}.Release|Any CPU.ActiveCfg = Release|Any CPU
		{D0E6D936-CBE0-4A77-8B1E-058DE5E24BC6}.Release|Any CPU.Build.0 = Release|Any CPU
		{24F8E6A3-59DC-405D-A639-290BACD43BDE}.Debug|Any CPU.ActiveCfg = Debug|Any CPU
		{24F8E6A3-59DC-405D-A639-290BACD43BDE}.Debug|Any CPU.Build.0 = Debug|Any CPU
		{24F8E6A3-59DC-405D-A639-290BACD43BDE}.Release|Any CPU.ActiveCfg = Release|Any CPU
		{24F8E6A3-59DC-405D-A639-290BACD43BDE}.Release|Any CPU.Build.0 = Release|Any CPU
		{3983384E-D76A-4383-BD3D-D6FD20FC7B04}.Debug|Any CPU.ActiveCfg = Debug|Any CPU
		{3983384E-D76A-4383-BD3D-D6FD20FC7B04}.Debug|Any CPU.Build.0 = Debug|Any CPU
		{3983384E-D76A-4383-BD3D-D6FD20FC7B04}.Release|Any CPU.ActiveCfg = Release|Any CPU
		{3983384E-D76A-4383-BD3D-D6FD20FC7B04}.Release|Any CPU.Build.0 = Release|Any CPU
		{081ADAD2-2574-4B9C-BEE6-CF8BF17A5783}.Debug|Any CPU.ActiveCfg = Debug|Any CPU
		{081ADAD2-2574-4B9C-BEE6-CF8BF17A5783}.Debug|Any CPU.Build.0 = Debug|Any CPU
		{081ADAD2-2574-4B9C-BEE6-CF8BF17A5783}.Release|Any CPU.ActiveCfg = Release|Any CPU
		{081ADAD2-2574-4B9C-BEE6-CF8BF17A5783}.Release|Any CPU.Build.0 = Release|Any CPU
		{AAB3E925-AFA0-4AFB-82D4-306A3638A9F5}.Debug|Any CPU.ActiveCfg = Debug|Any CPU
		{AAB3E925-AFA0-4AFB-82D4-306A3638A9F5}.Debug|Any CPU.Build.0 = Debug|Any CPU
		{AAB3E925-AFA0-4AFB-82D4-306A3638A9F5}.Release|Any CPU.ActiveCfg = Release|Any CPU
		{AAB3E925-AFA0-4AFB-82D4-306A3638A9F5}.Release|Any CPU.Build.0 = Release|Any CPU
		{69769034-14C2-45BA-9BCC-856E82E736E4}.Debug|Any CPU.ActiveCfg = Debug|Any CPU
		{69769034-14C2-45BA-9BCC-856E82E736E4}.Debug|Any CPU.Build.0 = Debug|Any CPU
		{69769034-14C2-45BA-9BCC-856E82E736E4}.Release|Any CPU.ActiveCfg = Release|Any CPU
		{69769034-14C2-45BA-9BCC-856E82E736E4}.Release|Any CPU.Build.0 = Release|Any CPU
		{F1544BA3-C39C-4354-9A77-D759E2069A6B}.Debug|Any CPU.ActiveCfg = Debug|Any CPU
		{F1544BA3-C39C-4354-9A77-D759E2069A6B}.Debug|Any CPU.Build.0 = Debug|Any CPU
		{F1544BA3-C39C-4354-9A77-D759E2069A6B}.Release|Any CPU.ActiveCfg = Release|Any CPU
		{F1544BA3-C39C-4354-9A77-D759E2069A6B}.Release|Any CPU.Build.0 = Release|Any CPU
		{7FDB40E0-8BD6-4F6A-8F90-6F237E86362C}.Debug|Any CPU.ActiveCfg = Debug|Any CPU
		{7FDB40E0-8BD6-4F6A-8F90-6F237E86362C}.Debug|Any CPU.Build.0 = Debug|Any CPU
		{7FDB40E0-8BD6-4F6A-8F90-6F237E86362C}.Release|Any CPU.ActiveCfg = Release|Any CPU
		{7FDB40E0-8BD6-4F6A-8F90-6F237E86362C}.Release|Any CPU.Build.0 = Release|Any CPU
		{E0CFC496-AE64-437B-AD72-1034F76B02A7}.Debug|Any CPU.ActiveCfg = Debug|Any CPU
		{E0CFC496-AE64-437B-AD72-1034F76B02A7}.Debug|Any CPU.Build.0 = Debug|Any CPU
		{E0CFC496-AE64-437B-AD72-1034F76B02A7}.Release|Any CPU.ActiveCfg = Release|Any CPU
		{E0CFC496-AE64-437B-AD72-1034F76B02A7}.Release|Any CPU.Build.0 = Release|Any CPU
		{A75B42A4-5CA3-4DD2-9ED5-11B24415DBC0}.Debug|Any CPU.ActiveCfg = Debug|Any CPU
		{A75B42A4-5CA3-4DD2-9ED5-11B24415DBC0}.Debug|Any CPU.Build.0 = Debug|Any CPU
		{A75B42A4-5CA3-4DD2-9ED5-11B24415DBC0}.Release|Any CPU.ActiveCfg = Release|Any CPU
		{A75B42A4-5CA3-4DD2-9ED5-11B24415DBC0}.Release|Any CPU.Build.0 = Release|Any CPU
		{FC508DAE-FF0D-45C5-8D0C-E3FC5EC19DFF}.Debug|Any CPU.ActiveCfg = Debug|Any CPU
		{FC508DAE-FF0D-45C5-8D0C-E3FC5EC19DFF}.Debug|Any CPU.Build.0 = Debug|Any CPU
		{FC508DAE-FF0D-45C5-8D0C-E3FC5EC19DFF}.Release|Any CPU.ActiveCfg = Release|Any CPU
		{FC508DAE-FF0D-45C5-8D0C-E3FC5EC19DFF}.Release|Any CPU.Build.0 = Release|Any CPU
	EndGlobalSection
	GlobalSection(SolutionProperties) = preSolution
		HideSolutionNode = FALSE
	EndGlobalSection
	GlobalSection(NestedProjects) = preSolution
		{D0E6D936-CBE0-4A77-8B1E-058DE5E24BC6} = {10EBA9F1-02D0-41DD-A908-44713558E2DD}
		{24F8E6A3-59DC-405D-A639-290BACD43BDE} = {10EBA9F1-02D0-41DD-A908-44713558E2DD}
		{3983384E-D76A-4383-BD3D-D6FD20FC7B04} = {10EBA9F1-02D0-41DD-A908-44713558E2DD}
		{081ADAD2-2574-4B9C-BEE6-CF8BF17A5783} = {10EBA9F1-02D0-41DD-A908-44713558E2DD}
		{AAB3E925-AFA0-4AFB-82D4-306A3638A9F5} = {10EBA9F1-02D0-41DD-A908-44713558E2DD}
		{69769034-14C2-45BA-9BCC-856E82E736E4} = {EA08BC41-415A-44D6-BBED-CC46E249293D}
		{F1544BA3-C39C-4354-9A77-D759E2069A6B} = {EA08BC41-415A-44D6-BBED-CC46E249293D}
		{7FDB40E0-8BD6-4F6A-8F90-6F237E86362C} = {EA08BC41-415A-44D6-BBED-CC46E249293D}
		{E0CFC496-AE64-437B-AD72-1034F76B02A7} = {EA08BC41-415A-44D6-BBED-CC46E249293D}
		{A75B42A4-5CA3-4DD2-9ED5-11B24415DBC0} = {EA08BC41-415A-44D6-BBED-CC46E249293D}
		{FC508DAE-FF0D-45C5-8D0C-E3FC5EC19DFF} = {EA08BC41-415A-44D6-BBED-CC46E249293D}
	EndGlobalSection
	GlobalSection(ExtensibilityGlobals) = postSolution
		SolutionGuid = {1CD23A27-3371-483E-B3DB-CC7C34CD60A4}
	EndGlobalSection
EndGlobal
